
Microsoft Visual Studio Solution File, Format Version 12.00
# Visual Studio Version 16
VisualStudioVersion = 16.0.30114.105
MinimumVisualStudioVersion = 10.0.40219.1
Project("{2150E333-8FDC-42A3-9474-1A3956D46DE8}") = "src", "src", "{EC34794C-BE3D-48F6-8CF9-18BF3D601515}"
EndProject
Project("{FAE04EC0-301F-11D3-BF4B-00C04F79EFBC}") = "Library", "src\Library\Library.csproj", "{131C6190-CA4D-485A-9397-9458EDFFAB2E}"
EndProject
Project("{2150E333-8FDC-42A3-9474-1A3956D46DE8}") = "tests", "tests", "{62F86D8C-9687-4C10-A40E-8AB51AFA0E24}"
EndProject
Project("{FAE04EC0-301F-11D3-BF4B-00C04F79EFBC}") = "Library.Tests", "tests\Library.Tests\Library.Tests.csproj", "{263751E6-FD81-4504-B8B8-865783D268AA}"
EndProject
Global
	GlobalSection(SolutionConfigurationPlatforms) = preSolution
		Debug|Any CPU = Debug|Any CPU
		Release|Any CPU = Release|Any CPU
	EndGlobalSection
	GlobalSection(SolutionProperties) = preSolution
		HideSolutionNode = FALSE
	EndGlobalSection
	GlobalSection(ProjectConfigurationPlatforms) = postSolution
		{131C6190-CA4D-485A-9397-9458EDFFAB2E}.Debug|Any CPU.ActiveCfg = Debug|Any CPU
		{131C6190-CA4D-485A-9397-9458EDFFAB2E}.Debug|Any CPU.Build.0 = Debug|Any CPU
		{131C6190-CA4D-485A-9397-9458EDFFAB2E}.Release|Any CPU.ActiveCfg = Release|Any CPU
		{131C6190-CA4D-485A-9397-9458EDFFAB2E}.Release|Any CPU.Build.0 = Release|Any CPU
		{263751E6-FD81-4504-B8B8-865783D268AA}.Debug|Any CPU.ActiveCfg = Debug|Any CPU
		{263751E6-FD81-4504-B8B8-865783D268AA}.Debug|Any CPU.Build.0 = Debug|Any CPU
		{263751E6-FD81-4504-B8B8-865783D268AA}.Release|Any CPU.ActiveCfg = Release|Any CPU
		{263751E6-FD81-4504-B8B8-865783D268AA}.Release|Any CPU.Build.0 = Release|Any CPU
	EndGlobalSection
	GlobalSection(NestedProjects) = preSolution
		{131C6190-CA4D-485A-9397-9458EDFFAB2E} = {EC34794C-BE3D-48F6-8CF9-18BF3D601515}
		{263751E6-FD81-4504-B8B8-865783D268AA} = {62F86D8C-9687-4C10-A40E-8AB51AFA0E24}
	EndGlobalSection
EndGlobal
